
Microsoft Visual Studio Solution File, Format Version 12.00
# Visual Studio Version 17
VisualStudioVersion = 17.3.32929.385
MinimumVisualStudioVersion = 10.0.40219.1
Project("{FAE04EC0-301F-11D3-BF4B-00C04F79EFBC}") = "SpielDesLebens", "SpielDesLebens\SpielDesLebens.csproj", "{7308C2D2-2BD2-4238-ACD4-519C8ACE84E8}"
EndProject
Global
	GlobalSection(SolutionConfigurationPlatforms) = preSolution
		Debug|Any CPU = Debug|Any CPU
		Release|Any CPU = Release|Any CPU
	EndGlobalSection
	GlobalSection(ProjectConfigurationPlatforms) = postSolution
		{7308C2D2-2BD2-4238-ACD4-519C8ACE84E8}.Debug|Any CPU.ActiveCfg = Debug|Any CPU
		{7308C2D2-2BD2-4238-ACD4-519C8ACE84E8}.Debug|Any CPU.Build.0 = Debug|Any CPU
		{7308C2D2-2BD2-4238-ACD4-519C8ACE84E8}.Release|Any CPU.ActiveCfg = Release|Any CPU
		{7308C2D2-2BD2-4238-ACD4-519C8ACE84E8}.Release|Any CPU.Build.0 = Release|Any CPU
	EndGlobalSection
	GlobalSection(SolutionProperties) = preSolution
		HideSolutionNode = FALSE
	EndGlobalSection
	GlobalSection(ExtensibilityGlobals) = postSolution
		SolutionGuid = {B639E305-EDA1-4321-887B-71811B2DDEC1}
	EndGlobalSection
EndGlobal
